<Solution>
  <Project Path="EcaInformationSystem.Application/EcaInformationSystem.Application.csproj" />
  <Project Path="EcaInformationSystem.BlazorServer/EcaInformationSystem.BlazorServer.csproj" />
  <Project Path="EcaInformationSystem.Domain/EcaInformationSystem.Domain.csproj" />
  <Project Path="EcaInformationSystem.Infrastructure/EcaInformationSystem.Infrastructure.csproj" />
</Solution>
